// !$*UTF8*$!
{
	archiveVersion = 1;
	classes = {
	};
	objectVersion = 51;
	objects = {

/* Begin PBXBuildFile section */
		1922214C02322F69E8412324 /* Pods_DistributionModeling_DistributionModelingUITests.framework in Frameworks */ = {isa = PBXBuildFile; fileRef = 21F120CED5A0FF715C7EBD94 /* Pods_DistributionModeling_DistributionModelingUITests.framework */; };
		54B2A129C28DD6A86A745713 /* Pods_DistributionModelingTests.framework in Frameworks */ = {isa = PBXBuildFile; fileRef = 52DD3012D64A1FF59678FB4A /* Pods_DistributionModelingTests.framework */; };
		843BF6AC26F737B200B26CBD /* AppDelegate.swift in Sources */ = {isa = PBXBuildFile; fileRef = 843BF6AB26F737B200B26CBD /* AppDelegate.swift */; };
		843BF6AE26F737B200B26CBD /* ViewController.swift in Sources */ = {isa = PBXBuildFile; fileRef = 843BF6AD26F737B200B26CBD /* ViewController.swift */; };
		843BF6B026F737B300B26CBD /* Assets.xcassets in Resources */ = {isa = PBXBuildFile; fileRef = 843BF6AF26F737B300B26CBD /* Assets.xcassets */; };
		843BF6B326F737B300B26CBD /* Main.storyboard in Resources */ = {isa = PBXBuildFile; fileRef = 843BF6B126F737B300B26CBD /* Main.storyboard */; };
		843BF6BF26F737B300B26CBD /* DistributionModelingTests.swift in Sources */ = {isa = PBXBuildFile; fileRef = 843BF6BE26F737B300B26CBD /* DistributionModelingTests.swift */; };
		843BF6CA26F737B300B26CBD /* DistributionModelingUITests.swift in Sources */ = {isa = PBXBuildFile; fileRef = 843BF6C926F737B300B26CBD /* DistributionModelingUITests.swift */; };
		8446689826F7C292000E31C5 /* Sequence.swift in Sources */ = {isa = PBXBuildFile; fileRef = 8446689626F7C292000E31C5 /* Sequence.swift */; };
		8446689926F7C292000E31C5 /* SequenceGenerator.swift in Sources */ = {isa = PBXBuildFile; fileRef = 8446689726F7C292000E31C5 /* SequenceGenerator.swift */; };
		84D6668226FC9D4000531CD2 /* ExpDistribution.swift in Sources */ = {isa = PBXBuildFile; fileRef = 84D6668126FC9D4000531CD2 /* ExpDistribution.swift */; };
		84D6668426FC9DD100531CD2 /* TriangleDistribution.swift in Sources */ = {isa = PBXBuildFile; fileRef = 84D6668326FC9DD100531CD2 /* TriangleDistribution.swift */; };
		84D6668626FC9E4A00531CD2 /* SympsonDistribution.swift in Sources */ = {isa = PBXBuildFile; fileRef = 84D6668526FC9E4A00531CD2 /* SympsonDistribution.swift */; };
		9B9B0B8BCA4EFE3AE0999E29 /* Pods_DistributionModeling.framework in Frameworks */ = {isa = PBXBuildFile; fileRef = F4E43D7982CAFDE9CCDC87BF /* Pods_DistributionModeling.framework */; };
		CAB2BED326FBA42F00580FF5 /* Constants.swift in Sources */ = {isa = PBXBuildFile; fileRef = CAB2BED226FBA42F00580FF5 /* Constants.swift */; };
		CAB2BED726FBB3F500580FF5 /* IDistribution.swift in Sources */ = {isa = PBXBuildFile; fileRef = CAB2BED626FBB3F500580FF5 /* IDistribution.swift */; };
		CAB2BED926FBB42100580FF5 /* UniformDistribution.swift in Sources */ = {isa = PBXBuildFile; fileRef = CAB2BED826FBB42100580FF5 /* UniformDistribution.swift */; };
		CAB2BEDC26FBB55700580FF5 /* GaussDistribution.swift in Sources */ = {isa = PBXBuildFile; fileRef = CAB2BEDB26FBB55700580FF5 /* GaussDistribution.swift */; };
		CAB2BEDE26FBBBE800580FF5 /* GammaDistribution.swift in Sources */ = {isa = PBXBuildFile; fileRef = CAB2BEDD26FBBBE800580FF5 /* GammaDistribution.swift */; };
/* End PBXBuildFile section */

/* Begin PBXContainerItemProxy section */
		843BF6BB26F737B300B26CBD /* PBXContainerItemProxy */ = {
			isa = PBXContainerItemProxy;
			containerPortal = 843BF6A026F737B200B26CBD /* Project object */;
			proxyType = 1;
			remoteGlobalIDString = 843BF6A726F737B200B26CBD;
			remoteInfo = DistributionModeling;
		};
		843BF6C626F737B300B26CBD /* PBXContainerItemProxy */ = {
			isa = PBXContainerItemProxy;
			containerPortal = 843BF6A026F737B200B26CBD /* Project object */;
			proxyType = 1;
			remoteGlobalIDString = 843BF6A726F737B200B26CBD;
			remoteInfo = DistributionModeling;
		};
/* End PBXContainerItemProxy section */

/* Begin PBXFileReference section */
		06704A5317DDE8B2858699CF /* Pods-DistributionModelingTests.release.xcconfig */ = {isa = PBXFileReference; includeInIndex = 1; lastKnownFileType = text.xcconfig; name = "Pods-DistributionModelingTests.release.xcconfig"; path = "Target Support Files/Pods-DistributionModelingTests/Pods-DistributionModelingTests.release.xcconfig"; sourceTree = "<group>"; };
		21F120CED5A0FF715C7EBD94 /* Pods_DistributionModeling_DistributionModelingUITests.framework */ = {isa = PBXFileReference; explicitFileType = wrapper.framework; includeInIndex = 0; path = Pods_DistributionModeling_DistributionModelingUITests.framework; sourceTree = BUILT_PRODUCTS_DIR; };
		366B6752757E37142E174DF7 /* Pods-DistributionModeling-DistributionModelingUITests.debug.xcconfig */ = {isa = PBXFileReference; includeInIndex = 1; lastKnownFileType = text.xcconfig; name = "Pods-DistributionModeling-DistributionModelingUITests.debug.xcconfig"; path = "Target Support Files/Pods-DistributionModeling-DistributionModelingUITests/Pods-DistributionModeling-DistributionModelingUITests.debug.xcconfig"; sourceTree = "<group>"; };
		3FB059A654D4BD8E3AD98D5E /* Pods-DistributionModeling.release.xcconfig */ = {isa = PBXFileReference; includeInIndex = 1; lastKnownFileType = text.xcconfig; name = "Pods-DistributionModeling.release.xcconfig"; path = "Target Support Files/Pods-DistributionModeling/Pods-DistributionModeling.release.xcconfig"; sourceTree = "<group>"; };
		4D51415D29B89163A07B239C /* Pods-DistributionModeling.debug.xcconfig */ = {isa = PBXFileReference; includeInIndex = 1; lastKnownFileType = text.xcconfig; name = "Pods-DistributionModeling.debug.xcconfig"; path = "Target Support Files/Pods-DistributionModeling/Pods-DistributionModeling.debug.xcconfig"; sourceTree = "<group>"; };
		52DD3012D64A1FF59678FB4A /* Pods_DistributionModelingTests.framework */ = {isa = PBXFileReference; explicitFileType = wrapper.framework; includeInIndex = 0; path = Pods_DistributionModelingTests.framework; sourceTree = BUILT_PRODUCTS_DIR; };
		843BF6A826F737B200B26CBD /* DistributionModeling.app */ = {isa = PBXFileReference; explicitFileType = wrapper.application; includeInIndex = 0; path = DistributionModeling.app; sourceTree = BUILT_PRODUCTS_DIR; };
		843BF6AB26F737B200B26CBD /* AppDelegate.swift */ = {isa = PBXFileReference; lastKnownFileType = sourcecode.swift; path = AppDelegate.swift; sourceTree = "<group>"; };
		843BF6AD26F737B200B26CBD /* ViewController.swift */ = {isa = PBXFileReference; lastKnownFileType = sourcecode.swift; path = ViewController.swift; sourceTree = "<group>"; };
		843BF6AF26F737B300B26CBD /* Assets.xcassets */ = {isa = PBXFileReference; lastKnownFileType = folder.assetcatalog; path = Assets.xcassets; sourceTree = "<group>"; };
		843BF6B226F737B300B26CBD /* Base */ = {isa = PBXFileReference; lastKnownFileType = file.storyboard; name = Base; path = Base.lproj/Main.storyboard; sourceTree = "<group>"; };
		843BF6B426F737B300B26CBD /* Info.plist */ = {isa = PBXFileReference; lastKnownFileType = text.plist.xml; path = Info.plist; sourceTree = "<group>"; };
		843BF6B526F737B300B26CBD /* DistributionModeling.entitlements */ = {isa = PBXFileReference; lastKnownFileType = text.plist.entitlements; path = DistributionModeling.entitlements; sourceTree = "<group>"; };
		843BF6BA26F737B300B26CBD /* DistributionModelingTests.xctest */ = {isa = PBXFileReference; explicitFileType = wrapper.cfbundle; includeInIndex = 0; path = DistributionModelingTests.xctest; sourceTree = BUILT_PRODUCTS_DIR; };
		843BF6BE26F737B300B26CBD /* DistributionModelingTests.swift */ = {isa = PBXFileReference; lastKnownFileType = sourcecode.swift; path = DistributionModelingTests.swift; sourceTree = "<group>"; };
		843BF6C026F737B300B26CBD /* Info.plist */ = {isa = PBXFileReference; lastKnownFileType = text.plist.xml; path = Info.plist; sourceTree = "<group>"; };
		843BF6C526F737B300B26CBD /* DistributionModelingUITests.xctest */ = {isa = PBXFileReference; explicitFileType = wrapper.cfbundle; includeInIndex = 0; path = DistributionModelingUITests.xctest; sourceTree = BUILT_PRODUCTS_DIR; };
		843BF6C926F737B300B26CBD /* DistributionModelingUITests.swift */ = {isa = PBXFileReference; lastKnownFileType = sourcecode.swift; path = DistributionModelingUITests.swift; sourceTree = "<group>"; };
		843BF6CB26F737B300B26CBD /* Info.plist */ = {isa = PBXFileReference; lastKnownFileType = text.plist.xml; path = Info.plist; sourceTree = "<group>"; };
		8446689626F7C292000E31C5 /* Sequence.swift */ = {isa = PBXFileReference; fileEncoding = 4; lastKnownFileType = sourcecode.swift; path = Sequence.swift; sourceTree = "<group>"; };
		8446689726F7C292000E31C5 /* SequenceGenerator.swift */ = {isa = PBXFileReference; fileEncoding = 4; lastKnownFileType = sourcecode.swift; path = SequenceGenerator.swift; sourceTree = "<group>"; };
		84D6668126FC9D4000531CD2 /* ExpDistribution.swift */ = {isa = PBXFileReference; lastKnownFileType = sourcecode.swift; path = ExpDistribution.swift; sourceTree = "<group>"; };
		84D6668326FC9DD100531CD2 /* TriangleDistribution.swift */ = {isa = PBXFileReference; lastKnownFileType = sourcecode.swift; path = TriangleDistribution.swift; sourceTree = "<group>"; };
		84D6668526FC9E4A00531CD2 /* SympsonDistribution.swift */ = {isa = PBXFileReference; lastKnownFileType = sourcecode.swift; path = SympsonDistribution.swift; sourceTree = "<group>"; };
		B0C55D006D06B88AED74D580 /* Pods-DistributionModelingTests.debug.xcconfig */ = {isa = PBXFileReference; includeInIndex = 1; lastKnownFileType = text.xcconfig; name = "Pods-DistributionModelingTests.debug.xcconfig"; path = "Target Support Files/Pods-DistributionModelingTests/Pods-DistributionModelingTests.debug.xcconfig"; sourceTree = "<group>"; };
		B71456F18F2ADF75DCBA47DC /* Pods-DistributionModeling-DistributionModelingUITests.release.xcconfig */ = {isa = PBXFileReference; includeInIndex = 1; lastKnownFileType = text.xcconfig; name = "Pods-DistributionModeling-DistributionModelingUITests.release.xcconfig"; path = "Target Support Files/Pods-DistributionModeling-DistributionModelingUITests/Pods-DistributionModeling-DistributionModelingUITests.release.xcconfig"; sourceTree = "<group>"; };
		CAB2BED226FBA42F00580FF5 /* Constants.swift */ = {isa = PBXFileReference; lastKnownFileType = sourcecode.swift; path = Constants.swift; sourceTree = "<group>"; };
		CAB2BED626FBB3F500580FF5 /* IDistribution.swift */ = {isa = PBXFileReference; lastKnownFileType = sourcecode.swift; path = IDistribution.swift; sourceTree = "<group>"; };
		CAB2BED826FBB42100580FF5 /* UniformDistribution.swift */ = {isa = PBXFileReference; lastKnownFileType = sourcecode.swift; path = UniformDistribution.swift; sourceTree = "<group>"; };
		CAB2BEDB26FBB55700580FF5 /* GaussDistribution.swift */ = {isa = PBXFileReference; lastKnownFileType = sourcecode.swift; path = GaussDistribution.swift; sourceTree = "<group>"; };
		CAB2BEDD26FBBBE800580FF5 /* GammaDistribution.swift */ = {isa = PBXFileReference; lastKnownFileType = sourcecode.swift; path = GammaDistribution.swift; sourceTree = "<group>"; };
		F4E43D7982CAFDE9CCDC87BF /* Pods_DistributionModeling.framework */ = {isa = PBXFileReference; explicitFileType = wrapper.framework; includeInIndex = 0; path = Pods_DistributionModeling.framework; sourceTree = BUILT_PRODUCTS_DIR; };
/* End PBXFileReference section */

/* Begin PBXFrameworksBuildPhase section */
		843BF6A526F737B200B26CBD /* Frameworks */ = {
			isa = PBXFrameworksBuildPhase;
			buildActionMask = 2147483647;
			files = (
				9B9B0B8BCA4EFE3AE0999E29 /* Pods_DistributionModeling.framework in Frameworks */,
			);
			runOnlyForDeploymentPostprocessing = 0;
		};
		843BF6B726F737B300B26CBD /* Frameworks */ = {
			isa = PBXFrameworksBuildPhase;
			buildActionMask = 2147483647;
			files = (
				54B2A129C28DD6A86A745713 /* Pods_DistributionModelingTests.framework in Frameworks */,
			);
			runOnlyForDeploymentPostprocessing = 0;
		};
		843BF6C226F737B300B26CBD /* Frameworks */ = {
			isa = PBXFrameworksBuildPhase;
			buildActionMask = 2147483647;
			files = (
				1922214C02322F69E8412324 /* Pods_DistributionModeling_DistributionModelingUITests.framework in Frameworks */,
			);
			runOnlyForDeploymentPostprocessing = 0;
		};
/* End PBXFrameworksBuildPhase section */

/* Begin PBXGroup section */
		11A7A788C5DF0F4018C9829F /* Pods */ = {
			isa = PBXGroup;
			children = (
				4D51415D29B89163A07B239C /* Pods-DistributionModeling.debug.xcconfig */,
				3FB059A654D4BD8E3AD98D5E /* Pods-DistributionModeling.release.xcconfig */,
				366B6752757E37142E174DF7 /* Pods-DistributionModeling-DistributionModelingUITests.debug.xcconfig */,
				B71456F18F2ADF75DCBA47DC /* Pods-DistributionModeling-DistributionModelingUITests.release.xcconfig */,
				B0C55D006D06B88AED74D580 /* Pods-DistributionModelingTests.debug.xcconfig */,
				06704A5317DDE8B2858699CF /* Pods-DistributionModelingTests.release.xcconfig */,
			);
			name = Pods;
			path = Pods;
			sourceTree = "<group>";
		};
		18ED4C20E76B9869C97C34A6 /* Frameworks */ = {
			isa = PBXGroup;
			children = (
				F4E43D7982CAFDE9CCDC87BF /* Pods_DistributionModeling.framework */,
				21F120CED5A0FF715C7EBD94 /* Pods_DistributionModeling_DistributionModelingUITests.framework */,
				52DD3012D64A1FF59678FB4A /* Pods_DistributionModelingTests.framework */,
			);
			name = Frameworks;
			sourceTree = "<group>";
		};
		843BF69F26F737B200B26CBD = {
			isa = PBXGroup;
			children = (
				CAB2BED126FBA42500580FF5 /* Model */,
				843BF6D726F7380100B26CBD /* Distribution */,
				843BF6AA26F737B200B26CBD /* DistributionModeling */,
				843BF6BD26F737B300B26CBD /* DistributionModelingTests */,
				843BF6C826F737B300B26CBD /* DistributionModelingUITests */,
				843BF6A926F737B200B26CBD /* Products */,
				11A7A788C5DF0F4018C9829F /* Pods */,
				18ED4C20E76B9869C97C34A6 /* Frameworks */,
			);
			sourceTree = "<group>";
		};
		843BF6A926F737B200B26CBD /* Products */ = {
			isa = PBXGroup;
			children = (
				843BF6A826F737B200B26CBD /* DistributionModeling.app */,
				843BF6BA26F737B300B26CBD /* DistributionModelingTests.xctest */,
				843BF6C526F737B300B26CBD /* DistributionModelingUITests.xctest */,
			);
			name = Products;
			sourceTree = "<group>";
		};
		843BF6AA26F737B200B26CBD /* DistributionModeling */ = {
			isa = PBXGroup;
			children = (
				843BF6AB26F737B200B26CBD /* AppDelegate.swift */,
				843BF6AD26F737B200B26CBD /* ViewController.swift */,
				843BF6AF26F737B300B26CBD /* Assets.xcassets */,
				843BF6B126F737B300B26CBD /* Main.storyboard */,
				843BF6B426F737B300B26CBD /* Info.plist */,
				843BF6B526F737B300B26CBD /* DistributionModeling.entitlements */,
			);
			path = DistributionModeling;
			sourceTree = "<group>";
		};
		843BF6BD26F737B300B26CBD /* DistributionModelingTests */ = {
			isa = PBXGroup;
			children = (
				843BF6BE26F737B300B26CBD /* DistributionModelingTests.swift */,
				843BF6C026F737B300B26CBD /* Info.plist */,
			);
			path = DistributionModelingTests;
			sourceTree = "<group>";
		};
		843BF6C826F737B300B26CBD /* DistributionModelingUITests */ = {
			isa = PBXGroup;
			children = (
				843BF6C926F737B300B26CBD /* DistributionModelingUITests.swift */,
				843BF6CB26F737B300B26CBD /* Info.plist */,
			);
			path = DistributionModelingUITests;
			sourceTree = "<group>";
		};
		843BF6D726F7380100B26CBD /* Distribution */ = {
			isa = PBXGroup;
			children = (
				CAB2BED826FBB42100580FF5 /* UniformDistribution.swift */,
				CAB2BEDB26FBB55700580FF5 /* GaussDistribution.swift */,
				84D6668126FC9D4000531CD2 /* ExpDistribution.swift */,
				CAB2BEDD26FBBBE800580FF5 /* GammaDistribution.swift */,
				84D6668326FC9DD100531CD2 /* TriangleDistribution.swift */,
				84D6668526FC9E4A00531CD2 /* SympsonDistribution.swift */,
				CAB2BEDA26FBB4CC00580FF5 /* Protocol */,
			);
			path = Distribution;
			sourceTree = "<group>";
		};
		CAB2BED126FBA42500580FF5 /* Model */ = {
			isa = PBXGroup;
			children = (
				8446689626F7C292000E31C5 /* Sequence.swift */,
				8446689726F7C292000E31C5 /* SequenceGenerator.swift */,
				CAB2BED226FBA42F00580FF5 /* Constants.swift */,
			);
			path = Model;
			sourceTree = "<group>";
		};
		CAB2BEDA26FBB4CC00580FF5 /* Protocol */ = {
			isa = PBXGroup;
			children = (
				CAB2BED626FBB3F500580FF5 /* IDistribution.swift */,
			);
			path = Protocol;
			sourceTree = "<group>";
		};
/* End PBXGroup section */

/* Begin PBXNativeTarget section */
		843BF6A726F737B200B26CBD /* DistributionModeling */ = {
			isa = PBXNativeTarget;
			buildConfigurationList = 843BF6CE26F737B300B26CBD /* Build configuration list for PBXNativeTarget "DistributionModeling" */;
			buildPhases = (
				781FB91A9F0FC6ABDC2F5235 /* [CP] Check Pods Manifest.lock */,
				843BF6A426F737B200B26CBD /* Sources */,
				843BF6A526F737B200B26CBD /* Frameworks */,
				843BF6A626F737B200B26CBD /* Resources */,
				6DA167B7B0337775065E6C35 /* [CP] Embed Pods Frameworks */,
			);
			buildRules = (
			);
			dependencies = (
			);
			name = DistributionModeling;
			productName = DistributionModeling;
			productReference = 843BF6A826F737B200B26CBD /* DistributionModeling.app */;
			productType = "com.apple.product-type.application";
		};
		843BF6B926F737B300B26CBD /* DistributionModelingTests */ = {
			isa = PBXNativeTarget;
			buildConfigurationList = 843BF6D126F737B300B26CBD /* Build configuration list for PBXNativeTarget "DistributionModelingTests" */;
			buildPhases = (
				3FF2BFD9A11888D65EFCC4F1 /* [CP] Check Pods Manifest.lock */,
				843BF6B626F737B300B26CBD /* Sources */,
				843BF6B726F737B300B26CBD /* Frameworks */,
				843BF6B826F737B300B26CBD /* Resources */,
			);
			buildRules = (
			);
			dependencies = (
				843BF6BC26F737B300B26CBD /* PBXTargetDependency */,
			);
			name = DistributionModelingTests;
			productName = DistributionModelingTests;
			productReference = 843BF6BA26F737B300B26CBD /* DistributionModelingTests.xctest */;
			productType = "com.apple.product-type.bundle.unit-test";
		};
		843BF6C426F737B300B26CBD /* DistributionModelingUITests */ = {
			isa = PBXNativeTarget;
			buildConfigurationList = 843BF6D426F737B300B26CBD /* Build configuration list for PBXNativeTarget "DistributionModelingUITests" */;
			buildPhases = (
				629DE273EBC9AE0C0F98F4C1 /* [CP] Check Pods Manifest.lock */,
				843BF6C126F737B300B26CBD /* Sources */,
				843BF6C226F737B300B26CBD /* Frameworks */,
				843BF6C326F737B300B26CBD /* Resources */,
				B1676B74194E0DB8C160D530 /* [CP] Embed Pods Frameworks */,
			);
			buildRules = (
			);
			dependencies = (
				843BF6C726F737B300B26CBD /* PBXTargetDependency */,
			);
			name = DistributionModelingUITests;
			productName = DistributionModelingUITests;
			productReference = 843BF6C526F737B300B26CBD /* DistributionModelingUITests.xctest */;
			productType = "com.apple.product-type.bundle.ui-testing";
		};
/* End PBXNativeTarget section */

/* Begin PBXProject section */
		843BF6A026F737B200B26CBD /* Project object */ = {
			isa = PBXProject;
			attributes = {
				LastSwiftUpdateCheck = 1250;
				LastUpgradeCheck = 1250;
				TargetAttributes = {
					843BF6A726F737B200B26CBD = {
						CreatedOnToolsVersion = 12.5.1;
					};
					843BF6B926F737B300B26CBD = {
						CreatedOnToolsVersion = 12.5.1;
						TestTargetID = 843BF6A726F737B200B26CBD;
					};
					843BF6C426F737B300B26CBD = {
						CreatedOnToolsVersion = 12.5.1;
						TestTargetID = 843BF6A726F737B200B26CBD;
					};
				};
			};
			buildConfigurationList = 843BF6A326F737B200B26CBD /* Build configuration list for PBXProject "DistributionModeling" */;
			compatibilityVersion = "Xcode 9.3";
			developmentRegion = en;
			hasScannedForEncodings = 0;
			knownRegions = (
				en,
				Base,
			);
			mainGroup = 843BF69F26F737B200B26CBD;
			productRefGroup = 843BF6A926F737B200B26CBD /* Products */;
			projectDirPath = "";
			projectRoot = "";
			targets = (
				843BF6A726F737B200B26CBD /* DistributionModeling */,
				843BF6B926F737B300B26CBD /* DistributionModelingTests */,
				843BF6C426F737B300B26CBD /* DistributionModelingUITests */,
			);
		};
/* End PBXProject section */

/* Begin PBXResourcesBuildPhase section */
		843BF6A626F737B200B26CBD /* Resources */ = {
			isa = PBXResourcesBuildPhase;
			buildActionMask = 2147483647;
			files = (
				843BF6B026F737B300B26CBD /* Assets.xcassets in Resources */,
				843BF6B326F737B300B26CBD /* Main.storyboard in Resources */,
			);
			runOnlyForDeploymentPostprocessing = 0;
		};
		843BF6B826F737B300B26CBD /* Resources */ = {
			isa = PBXResourcesBuildPhase;
			buildActionMask = 2147483647;
			files = (
			);
			runOnlyForDeploymentPostprocessing = 0;
		};
		843BF6C326F737B300B26CBD /* Resources */ = {
			isa = PBXResourcesBuildPhase;
			buildActionMask = 2147483647;
			files = (
			);
			runOnlyForDeploymentPostprocessing = 0;
		};
/* End PBXResourcesBuildPhase section */

/* Begin PBXShellScriptBuildPhase section */
		3FF2BFD9A11888D65EFCC4F1 /* [CP] Check Pods Manifest.lock */ = {
			isa = PBXShellScriptBuildPhase;
			buildActionMask = 2147483647;
			files = (
			);
			inputFileListPaths = (
			);
			inputPaths = (
				"${PODS_PODFILE_DIR_PATH}/Podfile.lock",
				"${PODS_ROOT}/Manifest.lock",
			);
			name = "[CP] Check Pods Manifest.lock";
			outputFileListPaths = (
			);
			outputPaths = (
				"$(DERIVED_FILE_DIR)/Pods-DistributionModelingTests-checkManifestLockResult.txt",
			);
			runOnlyForDeploymentPostprocessing = 0;
			shellPath = /bin/sh;
			shellScript = "diff \"${PODS_PODFILE_DIR_PATH}/Podfile.lock\" \"${PODS_ROOT}/Manifest.lock\" > /dev/null\nif [ $? != 0 ] ; then\n    # print error to STDERR\n    echo \"error: The sandbox is not in sync with the Podfile.lock. Run 'pod install' or update your CocoaPods installation.\" >&2\n    exit 1\nfi\n# This output is used by Xcode 'outputs' to avoid re-running this script phase.\necho \"SUCCESS\" > \"${SCRIPT_OUTPUT_FILE_0}\"\n";
			showEnvVarsInLog = 0;
		};
		629DE273EBC9AE0C0F98F4C1 /* [CP] Check Pods Manifest.lock */ = {
			isa = PBXShellScriptBuildPhase;
			buildActionMask = 2147483647;
			files = (
			);
			inputFileListPaths = (
			);
			inputPaths = (
				"${PODS_PODFILE_DIR_PATH}/Podfile.lock",
				"${PODS_ROOT}/Manifest.lock",
			);
			name = "[CP] Check Pods Manifest.lock";
			outputFileListPaths = (
			);
			outputPaths = (
				"$(DERIVED_FILE_DIR)/Pods-DistributionModeling-DistributionModelingUITests-checkManifestLockResult.txt",
			);
			runOnlyForDeploymentPostprocessing = 0;
			shellPath = /bin/sh;
			shellScript = "diff \"${PODS_PODFILE_DIR_PATH}/Podfile.lock\" \"${PODS_ROOT}/Manifest.lock\" > /dev/null\nif [ $? != 0 ] ; then\n    # print error to STDERR\n    echo \"error: The sandbox is not in sync with the Podfile.lock. Run 'pod install' or update your CocoaPods installation.\" >&2\n    exit 1\nfi\n# This output is used by Xcode 'outputs' to avoid re-running this script phase.\necho \"SUCCESS\" > \"${SCRIPT_OUTPUT_FILE_0}\"\n";
			showEnvVarsInLog = 0;
		};
		6DA167B7B0337775065E6C35 /* [CP] Embed Pods Frameworks */ = {
			isa = PBXShellScriptBuildPhase;
			buildActionMask = 2147483647;
			files = (
			);
			inputFileListPaths = (
				"${PODS_ROOT}/Target Support Files/Pods-DistributionModeling/Pods-DistributionModeling-frameworks-${CONFIGURATION}-input-files.xcfilelist",
			);
			name = "[CP] Embed Pods Frameworks";
			outputFileListPaths = (
				"${PODS_ROOT}/Target Support Files/Pods-DistributionModeling/Pods-DistributionModeling-frameworks-${CONFIGURATION}-output-files.xcfilelist",
			);
			runOnlyForDeploymentPostprocessing = 0;
			shellPath = /bin/sh;
			shellScript = "\"${PODS_ROOT}/Target Support Files/Pods-DistributionModeling/Pods-DistributionModeling-frameworks.sh\"\n";
			showEnvVarsInLog = 0;
		};
		781FB91A9F0FC6ABDC2F5235 /* [CP] Check Pods Manifest.lock */ = {
			isa = PBXShellScriptBuildPhase;
			buildActionMask = 2147483647;
			files = (
			);
			inputFileListPaths = (
			);
			inputPaths = (
				"${PODS_PODFILE_DIR_PATH}/Podfile.lock",
				"${PODS_ROOT}/Manifest.lock",
			);
			name = "[CP] Check Pods Manifest.lock";
			outputFileListPaths = (
			);
			outputPaths = (
				"$(DERIVED_FILE_DIR)/Pods-DistributionModeling-checkManifestLockResult.txt",
			);
			runOnlyForDeploymentPostprocessing = 0;
			shellPath = /bin/sh;
			shellScript = "diff \"${PODS_PODFILE_DIR_PATH}/Podfile.lock\" \"${PODS_ROOT}/Manifest.lock\" > /dev/null\nif [ $? != 0 ] ; then\n    # print error to STDERR\n    echo \"error: The sandbox is not in sync with the Podfile.lock. Run 'pod install' or update your CocoaPods installation.\" >&2\n    exit 1\nfi\n# This output is used by Xcode 'outputs' to avoid re-running this script phase.\necho \"SUCCESS\" > \"${SCRIPT_OUTPUT_FILE_0}\"\n";
			showEnvVarsInLog = 0;
		};
		B1676B74194E0DB8C160D530 /* [CP] Embed Pods Frameworks */ = {
			isa = PBXShellScriptBuildPhase;
			buildActionMask = 2147483647;
			files = (
			);
			inputFileListPaths = (
				"${PODS_ROOT}/Target Support Files/Pods-DistributionModeling-DistributionModelingUITests/Pods-DistributionModeling-DistributionModelingUITests-frameworks-${CONFIGURATION}-input-files.xcfilelist",
			);
			name = "[CP] Embed Pods Frameworks";
			outputFileListPaths = (
				"${PODS_ROOT}/Target Support Files/Pods-DistributionModeling-DistributionModelingUITests/Pods-DistributionModeling-DistributionModelingUITests-frameworks-${CONFIGURATION}-output-files.xcfilelist",
			);
			runOnlyForDeploymentPostprocessing = 0;
			shellPath = /bin/sh;
			shellScript = "\"${PODS_ROOT}/Target Support Files/Pods-DistributionModeling-DistributionModelingUITests/Pods-DistributionModeling-DistributionModelingUITests-frameworks.sh\"\n";
			showEnvVarsInLog = 0;
		};
/* End PBXShellScriptBuildPhase section */

/* Begin PBXSourcesBuildPhase section */
		843BF6A426F737B200B26CBD /* Sources */ = {
			isa = PBXSourcesBuildPhase;
			buildActionMask = 2147483647;
			files = (
				843BF6AE26F737B200B26CBD /* ViewController.swift in Sources */,
				8446689926F7C292000E31C5 /* SequenceGenerator.swift in Sources */,
				CAB2BED726FBB3F500580FF5 /* IDistribution.swift in Sources */,
				CAB2BED926FBB42100580FF5 /* UniformDistribution.swift in Sources */,
				84D6668226FC9D4000531CD2 /* ExpDistribution.swift in Sources */,
				CAB2BEDC26FBB55700580FF5 /* GaussDistribution.swift in Sources */,
				84D6668626FC9E4A00531CD2 /* SympsonDistribution.swift in Sources */,
				8446689826F7C292000E31C5 /* Sequence.swift in Sources */,
				CAB2BEDE26FBBBE800580FF5 /* GammaDistribution.swift in Sources */,
				843BF6AC26F737B200B26CBD /* AppDelegate.swift in Sources */,
				CAB2BED326FBA42F00580FF5 /* Constants.swift in Sources */,
				84D6668426FC9DD100531CD2 /* TriangleDistribution.swift in Sources */,
			);
			runOnlyForDeploymentPostprocessing = 0;
		};
		843BF6B626F737B300B26CBD /* Sources */ = {
			isa = PBXSourcesBuildPhase;
			buildActionMask = 2147483647;
			files = (
				843BF6BF26F737B300B26CBD /* DistributionModelingTests.swift in Sources */,
			);
			runOnlyForDeploymentPostprocessing = 0;
		};
		843BF6C126F737B300B26CBD /* Sources */ = {
			isa = PBXSourcesBuildPhase;
			buildActionMask = 2147483647;
			files = (
				843BF6CA26F737B300B26CBD /* DistributionModelingUITests.swift in Sources */,
			);
			runOnlyForDeploymentPostprocessing = 0;
		};
/* End PBXSourcesBuildPhase section */

/* Begin PBXTargetDependency section */
		843BF6BC26F737B300B26CBD /* PBXTargetDependency */ = {
			isa = PBXTargetDependency;
			target = 843BF6A726F737B200B26CBD /* DistributionModeling */;
			targetProxy = 843BF6BB26F737B300B26CBD /* PBXContainerItemProxy */;
		};
		843BF6C726F737B300B26CBD /* PBXTargetDependency */ = {
			isa = PBXTargetDependency;
			target = 843BF6A726F737B200B26CBD /* DistributionModeling */;
			targetProxy = 843BF6C626F737B300B26CBD /* PBXContainerItemProxy */;
		};
/* End PBXTargetDependency section */

/* Begin PBXVariantGroup section */
		843BF6B126F737B300B26CBD /* Main.storyboard */ = {
			isa = PBXVariantGroup;
			children = (
				843BF6B226F737B300B26CBD /* Base */,
			);
			name = Main.storyboard;
			sourceTree = "<group>";
		};
/* End PBXVariantGroup section */

/* Begin XCBuildConfiguration section */
		843BF6CC26F737B300B26CBD /* Debug */ = {
			isa = XCBuildConfiguration;
			buildSettings = {
				ALWAYS_SEARCH_USER_PATHS = NO;
				CLANG_ANALYZER_NONNULL = YES;
				CLANG_ANALYZER_NUMBER_OBJECT_CONVERSION = YES_AGGRESSIVE;
				CLANG_CXX_LANGUAGE_STANDARD = "gnu++14";
				CLANG_CXX_LIBRARY = "libc++";
				CLANG_ENABLE_MODULES = YES;
				CLANG_ENABLE_OBJC_ARC = YES;
				CLANG_ENABLE_OBJC_WEAK = YES;
				CLANG_WARN_BLOCK_CAPTURE_AUTORELEASING = YES;
				CLANG_WARN_BOOL_CONVERSION = YES;
				CLANG_WARN_COMMA = YES;
				CLANG_WARN_CONSTANT_CONVERSION = YES;
				CLANG_WARN_DEPRECATED_OBJC_IMPLEMENTATIONS = YES;
				CLANG_WARN_DIRECT_OBJC_ISA_USAGE = YES_ERROR;
				CLANG_WARN_DOCUMENTATION_COMMENTS = YES;
				CLANG_WARN_EMPTY_BODY = YES;
				CLANG_WARN_ENUM_CONVERSION = YES;
				CLANG_WARN_INFINITE_RECURSION = YES;
				CLANG_WARN_INT_CONVERSION = YES;
				CLANG_WARN_NON_LITERAL_NULL_CONVERSION = YES;
				CLANG_WARN_OBJC_IMPLICIT_RETAIN_SELF = YES;
				CLANG_WARN_OBJC_LITERAL_CONVERSION = YES;
				CLANG_WARN_OBJC_ROOT_CLASS = YES_ERROR;
				CLANG_WARN_QUOTED_INCLUDE_IN_FRAMEWORK_HEADER = YES;
				CLANG_WARN_RANGE_LOOP_ANALYSIS = YES;
				CLANG_WARN_STRICT_PROTOTYPES = YES;
				CLANG_WARN_SUSPICIOUS_MOVE = YES;
				CLANG_WARN_UNGUARDED_AVAILABILITY = YES_AGGRESSIVE;
				CLANG_WARN_UNREACHABLE_CODE = YES;
				CLANG_WARN__DUPLICATE_METHOD_MATCH = YES;
				COPY_PHASE_STRIP = NO;
				DEBUG_INFORMATION_FORMAT = dwarf;
				ENABLE_STRICT_OBJC_MSGSEND = YES;
				ENABLE_TESTABILITY = YES;
				GCC_C_LANGUAGE_STANDARD = gnu11;
				GCC_DYNAMIC_NO_PIC = NO;
				GCC_NO_COMMON_BLOCKS = YES;
				GCC_OPTIMIZATION_LEVEL = 0;
				GCC_PREPROCESSOR_DEFINITIONS = (
					"DEBUG=1",
					"$(inherited)",
				);
				GCC_WARN_64_TO_32_BIT_CONVERSION = YES;
				GCC_WARN_ABOUT_RETURN_TYPE = YES_ERROR;
				GCC_WARN_UNDECLARED_SELECTOR = YES;
				GCC_WARN_UNINITIALIZED_AUTOS = YES_AGGRESSIVE;
				GCC_WARN_UNUSED_FUNCTION = YES;
				GCC_WARN_UNUSED_VARIABLE = YES;
				MACOSX_DEPLOYMENT_TARGET = 11.3;
				MTL_ENABLE_DEBUG_INFO = INCLUDE_SOURCE;
				MTL_FAST_MATH = YES;
				ONLY_ACTIVE_ARCH = YES;
				SDKROOT = macosx;
				SWIFT_ACTIVE_COMPILATION_CONDITIONS = DEBUG;
				SWIFT_OPTIMIZATION_LEVEL = "-Onone";
			};
			name = Debug;
		};
		843BF6CD26F737B300B26CBD /* Release */ = {
			isa = XCBuildConfiguration;
			buildSettings = {
				ALWAYS_SEARCH_USER_PATHS = NO;
				CLANG_ANALYZER_NONNULL = YES;
				CLANG_ANALYZER_NUMBER_OBJECT_CONVERSION = YES_AGGRESSIVE;
				CLANG_CXX_LANGUAGE_STANDARD = "gnu++14";
				CLANG_CXX_LIBRARY = "libc++";
				CLANG_ENABLE_MODULES = YES;
				CLANG_ENABLE_OBJC_ARC = YES;
				CLANG_ENABLE_OBJC_WEAK = YES;
				CLANG_WARN_BLOCK_CAPTURE_AUTORELEASING = YES;
				CLANG_WARN_BOOL_CONVERSION = YES;
				CLANG_WARN_COMMA = YES;
				CLANG_WARN_CONSTANT_CONVERSION = YES;
				CLANG_WARN_DEPRECATED_OBJC_IMPLEMENTATIONS = YES;
				CLANG_WARN_DIRECT_OBJC_ISA_USAGE = YES_ERROR;
				CLANG_WARN_DOCUMENTATION_COMMENTS = YES;
				CLANG_WARN_EMPTY_BODY = YES;
				CLANG_WARN_ENUM_CONVERSION = YES;
				CLANG_WARN_INFINITE_RECURSION = YES;
				CLANG_WARN_INT_CONVERSION = YES;
				CLANG_WARN_NON_LITERAL_NULL_CONVERSION = YES;
				CLANG_WARN_OBJC_IMPLICIT_RETAIN_SELF = YES;
				CLANG_WARN_OBJC_LITERAL_CONVERSION = YES;
				CLANG_WARN_OBJC_ROOT_CLASS = YES_ERROR;
				CLANG_WARN_QUOTED_INCLUDE_IN_FRAMEWORK_HEADER = YES;
				CLANG_WARN_RANGE_LOOP_ANALYSIS = YES;
				CLANG_WARN_STRICT_PROTOTYPES = YES;
				CLANG_WARN_SUSPICIOUS_MOVE = YES;
				CLANG_WARN_UNGUARDED_AVAILABILITY = YES_AGGRESSIVE;
				CLANG_WARN_UNREACHABLE_CODE = YES;
				CLANG_WARN__DUPLICATE_METHOD_MATCH = YES;
				COPY_PHASE_STRIP = NO;
				DEBUG_INFORMATION_FORMAT = "dwarf-with-dsym";
				ENABLE_NS_ASSERTIONS = NO;
				ENABLE_STRICT_OBJC_MSGSEND = YES;
				GCC_C_LANGUAGE_STANDARD = gnu11;
				GCC_NO_COMMON_BLOCKS = YES;
				GCC_WARN_64_TO_32_BIT_CONVERSION = YES;
				GCC_WARN_ABOUT_RETURN_TYPE = YES_ERROR;
				GCC_WARN_UNDECLARED_SELECTOR = YES;
				GCC_WARN_UNINITIALIZED_AUTOS = YES_AGGRESSIVE;
				GCC_WARN_UNUSED_FUNCTION = YES;
				GCC_WARN_UNUSED_VARIABLE = YES;
				MACOSX_DEPLOYMENT_TARGET = 11.3;
				MTL_ENABLE_DEBUG_INFO = NO;
				MTL_FAST_MATH = YES;
				SDKROOT = macosx;
				SWIFT_COMPILATION_MODE = wholemodule;
				SWIFT_OPTIMIZATION_LEVEL = "-O";
			};
			name = Release;
		};
		843BF6CF26F737B300B26CBD /* Debug */ = {
			isa = XCBuildConfiguration;
			baseConfigurationReference = 4D51415D29B89163A07B239C /* Pods-DistributionModeling.debug.xcconfig */;
			buildSettings = {
				ASSETCATALOG_COMPILER_APPICON_NAME = AppIcon;
				ASSETCATALOG_COMPILER_GLOBAL_ACCENT_COLOR_NAME = AccentColor;
				CODE_SIGN_ENTITLEMENTS = DistributionModeling/DistributionModeling.entitlements;
				CODE_SIGN_STYLE = Automatic;
				COMBINE_HIDPI_IMAGES = YES;
				INFOPLIST_FILE = DistributionModeling/Info.plist;
				LD_RUNPATH_SEARCH_PATHS = (
					"$(inherited)",
					"@executable_path/../Frameworks",
				);
				PRODUCT_BUNDLE_IDENTIFIER = com.example.DistributionModeling;
				PRODUCT_NAME = "$(TARGET_NAME)";
				SWIFT_VERSION = 5.0;
			};
			name = Debug;
		};
		843BF6D026F737B300B26CBD /* Release */ = {
			isa = XCBuildConfiguration;
			baseConfigurationReference = 3FB059A654D4BD8E3AD98D5E /* Pods-DistributionModeling.release.xcconfig */;
			buildSettings = {
				ASSETCATALOG_COMPILER_APPICON_NAME = AppIcon;
				ASSETCATALOG_COMPILER_GLOBAL_ACCENT_COLOR_NAME = AccentColor;
				CODE_SIGN_ENTITLEMENTS = DistributionModeling/DistributionModeling.entitlements;
				CODE_SIGN_STYLE = Automatic;
				COMBINE_HIDPI_IMAGES = YES;
				INFOPLIST_FILE = DistributionModeling/Info.plist;
				LD_RUNPATH_SEARCH_PATHS = (
					"$(inherited)",
					"@executable_path/../Frameworks",
				);
				PRODUCT_BUNDLE_IDENTIFIER = com.example.DistributionModeling;
				PRODUCT_NAME = "$(TARGET_NAME)";
				SWIFT_VERSION = 5.0;
			};
			name = Release;
		};
		843BF6D226F737B300B26CBD /* Debug */ = {
			isa = XCBuildConfiguration;
			baseConfigurationReference = B0C55D006D06B88AED74D580 /* Pods-DistributionModelingTests.debug.xcconfig */;
			buildSettings = {
				ALWAYS_EMBED_SWIFT_STANDARD_LIBRARIES = YES;
				BUNDLE_LOADER = "$(TEST_HOST)";
				CODE_SIGN_STYLE = Automatic;
				COMBINE_HIDPI_IMAGES = YES;
				INFOPLIST_FILE = DistributionModelingTests/Info.plist;
				LD_RUNPATH_SEARCH_PATHS = (
					"$(inherited)",
					"@executable_path/../Frameworks",
					"@loader_path/../Frameworks",
				);
				MACOSX_DEPLOYMENT_TARGET = 11.3;
				PRODUCT_BUNDLE_IDENTIFIER = com.example.DistributionModelingTests;
				PRODUCT_NAME = "$(TARGET_NAME)";
				SWIFT_VERSION = 5.0;
				TEST_HOST = "$(BUILT_PRODUCTS_DIR)/DistributionModeling.app/Contents/MacOS/DistributionModeling";
			};
			name = Debug;
		};
		843BF6D326F737B300B26CBD /* Release */ = {
			isa = XCBuildConfiguration;
			baseConfigurationReference = 06704A5317DDE8B2858699CF /* Pods-DistributionModelingTests.release.xcconfig */;
			buildSettings = {
				ALWAYS_EMBED_SWIFT_STANDARD_LIBRARIES = YES;
				BUNDLE_LOADER = "$(TEST_HOST)";
				CODE_SIGN_STYLE = Automatic;
				COMBINE_HIDPI_IMAGES = YES;
				INFOPLIST_FILE = DistributionModelingTests/Info.plist;
				LD_RUNPATH_SEARCH_PATHS = (
					"$(inherited)",
					"@executable_path/../Frameworks",
					"@loader_path/../Frameworks",
				);
				MACOSX_DEPLOYMENT_TARGET = 11.3;
				PRODUCT_BUNDLE_IDENTIFIER = com.example.DistributionModelingTests;
				PRODUCT_NAME = "$(TARGET_NAME)";
				SWIFT_VERSION = 5.0;
				TEST_HOST = "$(BUILT_PRODUCTS_DIR)/DistributionModeling.app/Contents/MacOS/DistributionModeling";
			};
			name = Release;
		};
		843BF6D526F737B300B26CBD /* Debug */ = {
			isa = XCBuildConfiguration;
			baseConfigurationReference = 366B6752757E37142E174DF7 /* Pods-DistributionModeling-DistributionModelingUITests.debug.xcconfig */;
			buildSettings = {
				ALWAYS_EMBED_SWIFT_STANDARD_LIBRARIES = YES;
				CODE_SIGN_STYLE = Automatic;
				COMBINE_HIDPI_IMAGES = YES;
				INFOPLIST_FILE = DistributionModelingUITests/Info.plist;
				LD_RUNPATH_SEARCH_PATHS = (
					"$(inherited)",
					"@executable_path/../Frameworks",
					"@loader_path/../Frameworks",
				);
				PRODUCT_BUNDLE_IDENTIFIER = com.example.DistributionModelingUITests;
				PRODUCT_NAME = "$(TARGET_NAME)";
				SWIFT_VERSION = 5.0;
				TEST_TARGET_NAME = DistributionModeling;
			};
			name = Debug;
		};
		843BF6D626F737B300B26CBD /* Release */ = {
			isa = XCBuildConfiguration;
			baseConfigurationReference = B71456F18F2ADF75DCBA47DC /* Pods-DistributionModeling-DistributionModelingUITests.release.xcconfig */;
			buildSettings = {
				ALWAYS_EMBED_SWIFT_STANDARD_LIBRARIES = YES;
				CODE_SIGN_STYLE = Automatic;
				COMBINE_HIDPI_IMAGES = YES;
				INFOPLIST_FILE = DistributionModelingUITests/Info.plist;
				LD_RUNPATH_SEARCH_PATHS = (
					"$(inherited)",
					"@executable_path/../Frameworks",
					"@loader_path/../Frameworks",
				);
				PRODUCT_BUNDLE_IDENTIFIER = com.example.DistributionModelingUITests;
				PRODUCT_NAME = "$(TARGET_NAME)";
				SWIFT_VERSION = 5.0;
				TEST_TARGET_NAME = DistributionModeling;
			};
			name = Release;
		};
/* End XCBuildConfiguration section */

/* Begin XCConfigurationList section */
		843BF6A326F737B200B26CBD /* Build configuration list for PBXProject "DistributionModeling" */ = {
			isa = XCConfigurationList;
			buildConfigurations = (
				843BF6CC26F737B300B26CBD /* Debug */,
				843BF6CD26F737B300B26CBD /* Release */,
			);
			defaultConfigurationIsVisible = 0;
			defaultConfigurationName = Release;
		};
		843BF6CE26F737B300B26CBD /* Build configuration list for PBXNativeTarget "DistributionModeling" */ = {
			isa = XCConfigurationList;
			buildConfigurations = (
				843BF6CF26F737B300B26CBD /* Debug */,
				843BF6D026F737B300B26CBD /* Release */,
			);
			defaultConfigurationIsVisible = 0;
			defaultConfigurationName = Release;
		};
		843BF6D126F737B300B26CBD /* Build configuration list for PBXNativeTarget "DistributionModelingTests" */ = {
			isa = XCConfigurationList;
			buildConfigurations = (
				843BF6D226F737B300B26CBD /* Debug */,
				843BF6D326F737B300B26CBD /* Release */,
			);
			defaultConfigurationIsVisible = 0;
			defaultConfigurationName = Release;
		};
		843BF6D426F737B300B26CBD /* Build configuration list for PBXNativeTarget "DistributionModelingUITests" */ = {
			isa = XCConfigurationList;
			buildConfigurations = (
				843BF6D526F737B300B26CBD /* Debug */,
				843BF6D626F737B300B26CBD /* Release */,
			);
			defaultConfigurationIsVisible = 0;
			defaultConfigurationName = Release;
		};
/* End XCConfigurationList section */
	};
	rootObject = 843BF6A026F737B200B26CBD /* Project object */;
}
